github.com/andrewkroh/go-examples/fields-yml v0.0.0-20221103183257-dfc38e1f9316 h1:L7Ln3aD/aaZrwdTnwgKaeomZsOrkFVQf6+qrsjUnfpY=
github.com/andrewkroh/go-examples/fields-yml v0.0.0-20221103183257-dfc38e1f9316/go.mod h1:nWSUNwrBx9S2SonPV32u9mXwyd6bYCS9TObEZvyTZeY=
github.com/andrewkroh/go-examples/fields-yml v0.0.0-20230428201249-51b9bc7ab788 h1:dXeghNzDTzTSt936eIQsI/tAHt4wBCF0TyfSfInShyo=
github.com/andrewkroh/go-examples/fields-yml v0.0.0-20230428201249-51b9bc7ab788/go.mod h1:J27qALCmfoQTi3H31/0vjoSqtZbwh0GGJWSoxqOnOaE=
github.com/andrewkroh/go-examples/fields-yml-gen v0.0.0-20230425184753-e89ddab7f0e5 h1:S5yfSTcuSEfCpLMq3+KOWkQTmZS+wG5YlwvP/HV4GoQ=
github.com/andrewkroh/go-examples/fields-yml-gen v0.0.0-20230425184753-e89ddab7f0e5/go.mod h1:noAOivGeiFKSTD7RRDf7lo7OIDB6nhqCRT5gHlZwsRs=
github.com/andrewkroh/go-examples/fields-yml-gen v0.0.0-20230428201249-51b9bc7ab788 h1:/UzIyEl1s9Q6uKbmUogW0IJ1WUHEpJlthwYgeAP2Kek=
github.com/andrewkroh/go-examples/fields-yml-gen v0.0.0-20230428201249-51b9bc7ab788/go.mod h1:noAOivGeiFKSTD7RRDf7lo7OIDB6nhqCRT5gHlZwsRs=
github.com/davecgh/go-spew v1.1.0 h1:ZDRjVQ15GmhC3fiQ8ni8+OwkZQO4DARzQgrnXU1Liz8=
github.com/pmezard/go-difflib v1.0.0 h1:4DBwDE0NGyQoBHbLQYPwSUPoCMWR5BEzIk/f1lZbAQM=
github.com/stretchr/testify v1.7.1 h1:5TQK59W5E3v0r2duFAb7P95B6hEeOyEnHRa8MjYSMTY=
gopkg.in/check.v1 v0.0.0-20161208181325-20d25e280405 h1:yhCVgyC4o1eVCa2tZl7eS0r+SDo693bJlVdllGtEeKM=
gopkg.in/check.v1 v0.0.0-20161208181325-20d25e280405/go.mod h1:Co6ibVJAznAaIkqp8huTwlJQCZ016jof/cbN4VW5Yz0=
gopkg.in/yaml.v3 v3.0.1 h1:fxVm/GzAzEWqLHuvctI91KS9hhNmmWOoWu0XTYJS7CA=
gopkg.in/yaml.v3 v3.0.1/go.mod h1:K4uyk7z7BCEPqu6E+C64Yfv1cQ7kz7rIZviUmN+EgEM=
