github.com/andrewkroh/go-examples/fields-yml v0.0.0-20220323040711-45c4472c3248 h1:mOFUPxQoKN905gbveZ3kMfv/7znZW7IxSIgVvRZBimc=
github.com/andrewkroh/go-examples/fields-yml v0.0.0-20220323040711-45c4472c3248/go.mod h1:Zv45gn12k7a0ZeX4/D8PW+2E/NjrsWELLT3NuM53f0Q=
github.com/andrewkroh/go-examples/fields-yml v0.0.0-20221006202209-97fbf9d48654 h1:sRjqyzAi8uPcxBWmBTh6Rk97qmUprvgYXqn43bNuhuQ=
github.com/andrewkroh/go-examples/fields-yml v0.0.0-20221006202209-97fbf9d48654/go.mod h1:Zv45gn12k7a0ZeX4/D8PW+2E/NjrsWELLT3NuM53f0Q=
github.com/andrewkroh/go-examples/fields-yml-gen v0.0.0-20220323012733-292af5d1cc57 h1:RvLU5hIreQJeXYWUExSm1SdcG/pQrVJaKLIQq+u4B4c=
github.com/andrewkroh/go-examples/fields-yml-gen v0.0.0-20220323012733-292af5d1cc57/go.mod h1:QQRwgS0yxVWZyDPhKuLOd4lAcCG2DSNcVnTcPRdii7w=
github.com/andrewkroh/go-examples/fields-yml-gen v0.0.0-20221006202209-97fbf9d48654 h1:ZRDr5PFL5wfi+vRrjbGSg2QUS0i+mg+NV7Lz0rtUq8k=
github.com/andrewkroh/go-examples/fields-yml-gen v0.0.0-20221006202209-97fbf9d48654/go.mod h1:QQRwgS0yxVWZyDPhKuLOd4lAcCG2DSNcVnTcPRdii7w=
github.com/davecgh/go-spew v1.1.0 h1:ZDRjVQ15GmhC3fiQ8ni8+OwkZQO4DARzQgrnXU1Liz8=
github.com/davecgh/go-spew v1.1.0/go.mod h1:J7Y8YcW2NihsgmVo/mv3lAwl/skON4iLHjSsI+c5H38=
github.com/pmezard/go-difflib v1.0.0 h1:4DBwDE0NGyQoBHbLQYPwSUPoCMWR5BEzIk/f1lZbAQM=
github.com/pmezard/go-difflib v1.0.0/go.mod h1:iKH77koFhYxTK1pcRnkKkqfTogsbg7gZNVY4sRDYZ/4=
github.com/stretchr/objx v0.1.0/go.mod h1:HFkY916IF+rwdDfMAkV7OtwuqBVzrE8GR6GFx+wExME=
github.com/stretchr/testify v1.7.1 h1:5TQK59W5E3v0r2duFAb7P95B6hEeOyEnHRa8MjYSMTY=
github.com/stretchr/testify v1.7.1/go.mod h1:6Fq8oRcR53rry900zMqJjRRixrwX3KX962/h/Wwjteg=
gopkg.in/check.v1 v0.0.0-20161208181325-20d25e280405 h1:yhCVgyC4o1eVCa2tZl7eS0r+SDo693bJlVdllGtEeKM=
gopkg.in/check.v1 v0.0.0-20161208181325-20d25e280405/go.mod h1:Co6ibVJAznAaIkqp8huTwlJQCZ016jof/cbN4VW5Yz0=
gopkg.in/yaml.v3 v3.0.0-20200313102051-9f266ea9e77c/go.mod h1:K4uyk7z7BCEPqu6E+C64Yfv1cQ7kz7rIZviUmN+EgEM=
gopkg.in/yaml.v3 v3.0.0-20210107192922-496545a6307b h1:h8qDotaEPuJATrMmW04NCwg7v22aHH28wwpauUhK9Oo=
gopkg.in/yaml.v3 v3.0.0-20210107192922-496545a6307b/go.mod h1:K4uyk7z7BCEPqu6E+C64Yfv1cQ7kz7rIZviUmN+EgEM=
gopkg.in/yaml.v3 v3.0.1 h1:fxVm/GzAzEWqLHuvctI91KS9hhNmmWOoWu0XTYJS7CA=
gopkg.in/yaml.v3 v3.0.1/go.mod h1:K4uyk7z7BCEPqu6E+C64Yfv1cQ7kz7rIZviUmN+EgEM=
